<Solution>
  <Folder Name="/src/">
    <Project Path="src/Web.API/Web.API.csproj" />
  </Folder>
  <Folder Name="/src/Modules/" />
  <Folder Name="/src/Modules/Core/">
    <Project Path="src/Modules/Core/Core.Application/Core.Application.csproj" />
    <Project Path="src/Modules/Core/Core.Domain/Core.Domain.csproj" />
    <Project Path="src/Modules/Core/Core.Infrastructure/Core.Infrastructure.csproj" />
    <Project Path="src/Modules/Core/Core.Presentation/Core.Presentation.csproj" />
  </Folder>
  <Folder Name="/src/Modules/Identity/">
    <Project Path="src/Modules/Identity/Identity.Application/Identity.Application.csproj" />
    <Project Path="src/Modules/Identity/Identity.Domain/Identity.Domain.csproj" />
    <Project Path="src/Modules/Identity/Identity.Infrastructure/Identity.Infrastructure.csproj" />
    <Project Path="src/Modules/Identity/Identity.Presentation/Identity.Presentation.csproj" />
  </Folder>
  <Folder Name="/src/Modules/Logistics/">
    <Project Path="src/Modules/Logistics/Logistics.Application/Logistics.Application.csproj" />
    <Project Path="src/Modules/Logistics/Logistics.Domain/Logistics.Domain.csproj" />
    <Project Path="src/Modules/Logistics/Logistics.Infrastructure/Logistics.Infrastructure.csproj" />
  </Folder>
  <Folder Name="/src/Modules/Payment/">
    <Project Path="src/Modules/Payment/Payment.Application/Payment.Application.csproj" />
    <Project Path="src/Modules/Payment/Payment.Domain/Payment.Domain.csproj" />
    <Project Path="src/Modules/Payment/Payment.Infrastructure/Payment.Infrastructure.csproj" />
    <Project Path="src/Modules/Payment/Payment.Presentation/Payment.Presentation.csproj" />
  </Folder>
  <Folder Name="/src/Modules/Registration/">
    <Project Path="src/Modules/Registration/Registration.Application/Registration.Application.csproj" />
    <Project Path="src/Modules/Registration/Registration.Domain/Registration.Domain.csproj" />
    <Project Path="src/Modules/Registration/Registration.Infrastructure/Registration.Infrastructure.csproj" />
    <Project Path="src/Modules/Registration/Registration.Presentation/Registration.Presentation.csproj" />
  </Folder>
  <Folder Name="/tests/">
    <Project Path="tests/Identity.Application.UnitTests/Identity.Application.UnitTests.csproj" />
  </Folder>
</Solution>
