
Microsoft Visual Studio Solution File, Format Version 12.00
Project("{FAE04EC0-301F-11D3-BF4B-00C04F79EFBC}") = "Web.API", "src\Web.API\Web.API.csproj", "{0D76ED30-F088-4CA2-9926-38017C0279C9}"
EndProject
Project("{2150E333-8FDC-42A3-9474-1A3956D46DE8}") = "Logistics", "Logistics", "{A14D2523-5969-47B8-A8B1-EAAE264AC5C1}"
EndProject
Project("{FAE04EC0-301F-11D3-BF4B-00C04F79EFBC}") = "Logistics.Domain", "src\Modules\Logistics\Logistics.Domain\Logistics.Domain.csproj", "{14E80FCA-EDCB-4737-9E49-8174CACB80A3}"
EndProject
Project("{FAE04EC0-301F-11D3-BF4B-00C04F79EFBC}") = "Logistics.Application", "src\Modules\Logistics\Logistics.Application\Logistics.Application.csproj", "{B5604C5B-328F-4187-8446-47CC48A776C4}"
EndProject
Project("{FAE04EC0-301F-11D3-BF4B-00C04F79EFBC}") = "Logistics.Infrastructure", "src\Modules\Logistics\Logistics.Infrastructure\Logistics.Infrastructure.csproj", "{668DCF11-A876-45AF-BC91-A1F79730345E}"
EndProject
Project("{2150E333-8FDC-42A3-9474-1A3956D46DE8}") = "Identity", "Identity", "{EDABF3F4-E8BE-4EE7-8CE4-40BCF7C81824}"
EndProject
Project("{FAE04EC0-301F-11D3-BF4B-00C04F79EFBC}") = "Identity.Domain", "src\Modules\Identity\Identity.Domain\Identity.Domain.csproj", "{D8BEF0DD-225A-4641-8D9E-446A68F29E4A}"
EndProject
Project("{FAE04EC0-301F-11D3-BF4B-00C04F79EFBC}") = "Identity.Application", "src\Modules\Identity\Identity.Application\Identity.Application.csproj", "{D4766641-BA40-49C6-8A12-786F0CE3B2D7}"
EndProject
Project("{FAE04EC0-301F-11D3-BF4B-00C04F79EFBC}") = "Identity.Infrastructure", "src\Modules\Identity\Identity.Infrastructure\Identity.Infrastructure.csproj", "{4C8952C6-AB6D-4292-B1CA-CA6FF51C6E4A}"
EndProject
Project("{2150E333-8FDC-42A3-9474-1A3956D46DE8}") = "Events", "Events", "{B929F0BE-26CF-42B2-8E10-25616F5667E8}"
EndProject
Project("{FAE04EC0-301F-11D3-BF4B-00C04F79EFBC}") = "Events.Domain", "src\Modules\Events\Events.Domain\Events.Domain.csproj", "{609392E3-170A-4EDB-B916-65E1AF300F70}"
EndProject
Project("{FAE04EC0-301F-11D3-BF4B-00C04F79EFBC}") = "Events.Application", "src\Modules\Events\Events.Application\Events.Application.csproj", "{CD06F68B-0D3D-4977-BCFD-EFC71BFF417B}"
EndProject
Project("{FAE04EC0-301F-11D3-BF4B-00C04F79EFBC}") = "Events.Infrastructure", "src\Modules\Events\Events.Infrastructure\Events.Infrastructure.csproj", "{0B841382-1C3D-46A8-B10F-CF2414C6D72D}"
EndProject
Project("{2150E333-8FDC-42A3-9474-1A3956D46DE8}") = "Registration", "Registration", "{951863A4-D595-49C1-AA02-DBC451706BD1}"
EndProject
Project("{FAE04EC0-301F-11D3-BF4B-00C04F79EFBC}") = "Registration.Domain", "src\Modules\Registration\Registration.Domain\Registration.Domain.csproj", "{20CFEA78-BD37-4BF1-A222-6A6674CAE628}"
EndProject
Project("{FAE04EC0-301F-11D3-BF4B-00C04F79EFBC}") = "Registration.Application", "src\Modules\Registration\Registration.Application\Registration.Application.csproj", "{DCD78DB2-6435-41A3-B6AB-8463D94A2F20}"
EndProject
Project("{FAE04EC0-301F-11D3-BF4B-00C04F79EFBC}") = "Registration.Infrastructure", "src\Modules\Registration\Registration.Infrastructure\Registration.Infrastructure.csproj", "{62F09EAC-1866-42F6-9D71-269F81BCC1A3}"
EndProject
Project("{2150E333-8FDC-42A3-9474-1A3956D46DE8}") = "Modules", "Modules", "{BC93D265-5ADC-470A-B5AA-0B94F02825AC}"
EndProject
Project("{2150E333-8FDC-42A3-9474-1A3956D46DE8}") = "src", "src", "{37C51F11-4470-4C4A-9131-40E8413BDE03}"
EndProject
Global
	GlobalSection(SolutionConfigurationPlatforms) = preSolution
		Debug|Any CPU = Debug|Any CPU
		Release|Any CPU = Release|Any CPU
	EndGlobalSection
	GlobalSection(ProjectConfigurationPlatforms) = postSolution
		{0D76ED30-F088-4CA2-9926-38017C0279C9}.Debug|Any CPU.ActiveCfg = Debug|Any CPU
		{0D76ED30-F088-4CA2-9926-38017C0279C9}.Debug|Any CPU.Build.0 = Debug|Any CPU
		{0D76ED30-F088-4CA2-9926-38017C0279C9}.Release|Any CPU.ActiveCfg = Release|Any CPU
		{0D76ED30-F088-4CA2-9926-38017C0279C9}.Release|Any CPU.Build.0 = Release|Any CPU
		{14E80FCA-EDCB-4737-9E49-8174CACB80A3}.Debug|Any CPU.ActiveCfg = Debug|Any CPU
		{14E80FCA-EDCB-4737-9E49-8174CACB80A3}.Debug|Any CPU.Build.0 = Debug|Any CPU
		{14E80FCA-EDCB-4737-9E49-8174CACB80A3}.Release|Any CPU.ActiveCfg = Release|Any CPU
		{14E80FCA-EDCB-4737-9E49-8174CACB80A3}.Release|Any CPU.Build.0 = Release|Any CPU
		{B5604C5B-328F-4187-8446-47CC48A776C4}.Debug|Any CPU.ActiveCfg = Debug|Any CPU
		{B5604C5B-328F-4187-8446-47CC48A776C4}.Debug|Any CPU.Build.0 = Debug|Any CPU
		{B5604C5B-328F-4187-8446-47CC48A776C4}.Release|Any CPU.ActiveCfg = Release|Any CPU
		{B5604C5B-328F-4187-8446-47CC48A776C4}.Release|Any CPU.Build.0 = Release|Any CPU
		{668DCF11-A876-45AF-BC91-A1F79730345E}.Debug|Any CPU.ActiveCfg = Debug|Any CPU
		{668DCF11-A876-45AF-BC91-A1F79730345E}.Debug|Any CPU.Build.0 = Debug|Any CPU
		{668DCF11-A876-45AF-BC91-A1F79730345E}.Release|Any CPU.ActiveCfg = Release|Any CPU
		{668DCF11-A876-45AF-BC91-A1F79730345E}.Release|Any CPU.Build.0 = Release|Any CPU
		{D8BEF0DD-225A-4641-8D9E-446A68F29E4A}.Debug|Any CPU.ActiveCfg = Debug|Any CPU
		{D8BEF0DD-225A-4641-8D9E-446A68F29E4A}.Debug|Any CPU.Build.0 = Debug|Any CPU
		{D8BEF0DD-225A-4641-8D9E-446A68F29E4A}.Release|Any CPU.ActiveCfg = Release|Any CPU
		{D8BEF0DD-225A-4641-8D9E-446A68F29E4A}.Release|Any CPU.Build.0 = Release|Any CPU
		{D4766641-BA40-49C6-8A12-786F0CE3B2D7}.Debug|Any CPU.ActiveCfg = Debug|Any CPU
		{D4766641-BA40-49C6-8A12-786F0CE3B2D7}.Debug|Any CPU.Build.0 = Debug|Any CPU
		{D4766641-BA40-49C6-8A12-786F0CE3B2D7}.Release|Any CPU.ActiveCfg = Release|Any CPU
		{D4766641-BA40-49C6-8A12-786F0CE3B2D7}.Release|Any CPU.Build.0 = Release|Any CPU
		{4C8952C6-AB6D-4292-B1CA-CA6FF51C6E4A}.Debug|Any CPU.ActiveCfg = Debug|Any CPU
		{4C8952C6-AB6D-4292-B1CA-CA6FF51C6E4A}.Debug|Any CPU.Build.0 = Debug|Any CPU
		{4C8952C6-AB6D-4292-B1CA-CA6FF51C6E4A}.Release|Any CPU.ActiveCfg = Release|Any CPU
		{4C8952C6-AB6D-4292-B1CA-CA6FF51C6E4A}.Release|Any CPU.Build.0 = Release|Any CPU
		{609392E3-170A-4EDB-B916-65E1AF300F70}.Debug|Any CPU.ActiveCfg = Debug|Any CPU
		{609392E3-170A-4EDB-B916-65E1AF300F70}.Debug|Any CPU.Build.0 = Debug|Any CPU
		{609392E3-170A-4EDB-B916-65E1AF300F70}.Release|Any CPU.ActiveCfg = Release|Any CPU
		{609392E3-170A-4EDB-B916-65E1AF300F70}.Release|Any CPU.Build.0 = Release|Any CPU
		{CD06F68B-0D3D-4977-BCFD-EFC71BFF417B}.Debug|Any CPU.ActiveCfg = Debug|Any CPU
		{CD06F68B-0D3D-4977-BCFD-EFC71BFF417B}.Debug|Any CPU.Build.0 = Debug|Any CPU
		{CD06F68B-0D3D-4977-BCFD-EFC71BFF417B}.Release|Any CPU.ActiveCfg = Release|Any CPU
		{CD06F68B-0D3D-4977-BCFD-EFC71BFF417B}.Release|Any CPU.Build.0 = Release|Any CPU
		{0B841382-1C3D-46A8-B10F-CF2414C6D72D}.Debug|Any CPU.ActiveCfg = Debug|Any CPU
		{0B841382-1C3D-46A8-B10F-CF2414C6D72D}.Debug|Any CPU.Build.0 = Debug|Any CPU
		{0B841382-1C3D-46A8-B10F-CF2414C6D72D}.Release|Any CPU.ActiveCfg = Release|Any CPU
		{0B841382-1C3D-46A8-B10F-CF2414C6D72D}.Release|Any CPU.Build.0 = Release|Any CPU
		{20CFEA78-BD37-4BF1-A222-6A6674CAE628}.Debug|Any CPU.ActiveCfg = Debug|Any CPU
		{20CFEA78-BD37-4BF1-A222-6A6674CAE628}.Debug|Any CPU.Build.0 = Debug|Any CPU
		{20CFEA78-BD37-4BF1-A222-6A6674CAE628}.Release|Any CPU.ActiveCfg = Release|Any CPU
		{20CFEA78-BD37-4BF1-A222-6A6674CAE628}.Release|Any CPU.Build.0 = Release|Any CPU
		{DCD78DB2-6435-41A3-B6AB-8463D94A2F20}.Debug|Any CPU.ActiveCfg = Debug|Any CPU
		{DCD78DB2-6435-41A3-B6AB-8463D94A2F20}.Debug|Any CPU.Build.0 = Debug|Any CPU
		{DCD78DB2-6435-41A3-B6AB-8463D94A2F20}.Release|Any CPU.ActiveCfg = Release|Any CPU
		{DCD78DB2-6435-41A3-B6AB-8463D94A2F20}.Release|Any CPU.Build.0 = Release|Any CPU
		{62F09EAC-1866-42F6-9D71-269F81BCC1A3}.Debug|Any CPU.ActiveCfg = Debug|Any CPU
		{62F09EAC-1866-42F6-9D71-269F81BCC1A3}.Debug|Any CPU.Build.0 = Debug|Any CPU
		{62F09EAC-1866-42F6-9D71-269F81BCC1A3}.Release|Any CPU.ActiveCfg = Release|Any CPU
		{62F09EAC-1866-42F6-9D71-269F81BCC1A3}.Release|Any CPU.Build.0 = Release|Any CPU
	EndGlobalSection
	GlobalSection(NestedProjects) = preSolution
		{14E80FCA-EDCB-4737-9E49-8174CACB80A3} = {A14D2523-5969-47B8-A8B1-EAAE264AC5C1}
		{B5604C5B-328F-4187-8446-47CC48A776C4} = {A14D2523-5969-47B8-A8B1-EAAE264AC5C1}
		{668DCF11-A876-45AF-BC91-A1F79730345E} = {A14D2523-5969-47B8-A8B1-EAAE264AC5C1}
		{D8BEF0DD-225A-4641-8D9E-446A68F29E4A} = {EDABF3F4-E8BE-4EE7-8CE4-40BCF7C81824}
		{D4766641-BA40-49C6-8A12-786F0CE3B2D7} = {EDABF3F4-E8BE-4EE7-8CE4-40BCF7C81824}
		{4C8952C6-AB6D-4292-B1CA-CA6FF51C6E4A} = {EDABF3F4-E8BE-4EE7-8CE4-40BCF7C81824}
		{609392E3-170A-4EDB-B916-65E1AF300F70} = {B929F0BE-26CF-42B2-8E10-25616F5667E8}
		{CD06F68B-0D3D-4977-BCFD-EFC71BFF417B} = {B929F0BE-26CF-42B2-8E10-25616F5667E8}
		{0B841382-1C3D-46A8-B10F-CF2414C6D72D} = {B929F0BE-26CF-42B2-8E10-25616F5667E8}
		{20CFEA78-BD37-4BF1-A222-6A6674CAE628} = {951863A4-D595-49C1-AA02-DBC451706BD1}
		{DCD78DB2-6435-41A3-B6AB-8463D94A2F20} = {951863A4-D595-49C1-AA02-DBC451706BD1}
		{62F09EAC-1866-42F6-9D71-269F81BCC1A3} = {951863A4-D595-49C1-AA02-DBC451706BD1}
		{B929F0BE-26CF-42B2-8E10-25616F5667E8} = {BC93D265-5ADC-470A-B5AA-0B94F02825AC}
		{EDABF3F4-E8BE-4EE7-8CE4-40BCF7C81824} = {BC93D265-5ADC-470A-B5AA-0B94F02825AC}
		{A14D2523-5969-47B8-A8B1-EAAE264AC5C1} = {BC93D265-5ADC-470A-B5AA-0B94F02825AC}
		{951863A4-D595-49C1-AA02-DBC451706BD1} = {BC93D265-5ADC-470A-B5AA-0B94F02825AC}
		{BC93D265-5ADC-470A-B5AA-0B94F02825AC} = {37C51F11-4470-4C4A-9131-40E8413BDE03}
		{0D76ED30-F088-4CA2-9926-38017C0279C9} = {37C51F11-4470-4C4A-9131-40E8413BDE03}
	EndGlobalSection
EndGlobal
